cloud.google.com/go v0.26.0/go.mod h1:aQUYkXzVsufM+DwF1aE+0xfcU+56JwCaLick0ClmMTw=
github.com/BurntSushi/toml v0.3.1/go.mod h1:xHWCNGjB5oqiDr8zfno3MHue2Ht5sIBksp03qcyfWMU=
github.com/aead/siphash v1.0.1/go.mod h1:Nywa3cDsYNNK3gaciGTWPwHt0wlpNV15vwmswBAUSII=
github.com/benbjohnson/clock v1.3.0 h1:ip6w0uFQkncKQ979AypyG0ER7mqUSBdKLOgAle/AT8A=
github.com/benbjohnson/clock v1.3.0/go.mod h1:J11/hYXuz8f4ySSvYwY0FKfm+ezbsZBKZxNJlLklBHA=
github.com/btcsuite/btcd v0.20.1-beta/go.mod h1:wVuoA8VJLEcwgqHBwHmzLRazpKxTv13Px/pDuV7OomQ=
github.com/btcsuite/btcd v0.22.0-beta h1:LTDpDKUM5EeOFBPM8IXpinEcmZ6FWfNZbE3lfrfdnWo=
github.com/btcsuite/btcd/btcec/v2 v2.3.2 h1:5n0X6hX0Zk+6omWcihdYvdAlGf2DfasC0GMf7DClJ3U=
github.com/btcsuite/btcd/btcec/v2 v2.3.2/go.mod h1:zYzJ8etWJQIv1Ogk7OzpWjowwOdXY1W/17j2MW85J04=
github.com/btcsuite/btclog v0.0.0-20170628155309-84c8d2346e9f/go.mod h1:TdznJufoqS23FtqVCzL0ZqgP5MqXbb4fg/WgDys70nA=
github.com/btcsuite/btcutil v0.0.0-20190425235716-9e5f4b9a998d/go.mod h1:+5NJ2+qvTyV9exUAL/rxXi3DcLg2Ts+ymUAY5y4NvMg=
github.com/btcsuite/go-socks v0.0.0-20170105172521-4720035b7bfd/go.mod h1:HHNXQzUsZCxOoE+CPiyCTO6x34Zs86zZUiwtpXoGdtg=
github.com/btcsuite/goleveldb v0.0.0-20160330041536-7834afc9e8cd/go.mod h1:F+uVaaLLH7j4eDXPRvw78tMflu7Ie2bzYOH4Y8rRKBY=
github.com/btcsuite/snappy-go v0.0.0-20151229074030-0bdef8d06723/go.mod h1:8woku9dyThutzjeg+3xrA5iCpBRH8XEEg3lh6TiUghc=
github.com/btcsuite/websocket v0.0.0-20150119174127-31079b680792/go.mod h1:ghJtEyQwv5/p4Mg4C0fgbePVuGr935/5ddU9Z3TmDRY=
github.com/btcsuite/winsvc v1.0.0/go.mod h1:jsenWakMcC0zFBFurPLEAyrnc/teJEM1O46fmI40EZs=
github.com/cheekybits/is v0.0.0-20150225183255-68e9c0620927/go.mod h1:h/aW8ynjgkuj+NQRlZcDbAbM1ORAbXjXX77sX7T289U=
github.com/client9/misspell v0.3.4/go.mod h1:qj6jICC3Q7zFZvVWo7KLAzC3yx5G7kyvSDkc90ppPyw=
github.com/coreos/go-semver v0.3.0/go.mod h1:nnelYz7RCh+5ahJtPPxZlU+153eP4D4r3EedlOD2RNk=
github.com/crackcomm/go-gitignore v0.0.0-20170627025303-887ab5e44cc3 h1:HVTnpeuvF6Owjd5mniCL8DEXo7uYXdQEmOP4FJbV5tg=
github.com/crackcomm/go-gitignore v0.0.0-20170627025303-887ab5e44cc3/go.mod h1:p1d6YEZWvFzEh4KLyvBcVSnrfNDDvK2zfK/4x2v/4pE=
github.com/davecgh/go-spew v0.0.0-20171005155431-ecdeabc65495/go.mod h1:J7Y8YcW2NihsgmVo/mv3lAwl/skON4iLHjSsI+c5H38=
github.com/davecgh/go-spew v1.1.0/go.mod h1:J7Y8YcW2NihsgmVo/mv3lAwl/skON4iLHjSsI+c5H38=
github.com/dchest/blake512 v1.0.0 h1:oDFEQFIqFSeuA34xLtXZ/rWxCXdSjirjzPhey5EUvmA=
github.com/dchest/blake512 v1.0.0/go.mod h1:FV1x7xPPLWukZlpDpWQ88rF/SFwZ5qbskrzhLMB92JI=
github.com/deckarep/golang-set v1.8.0 h1:sk9/l/KqpunDwP7pSjUg0keiOOLEnOBHzykLrsPppp4=
github.com/deckarep/golang-set v1.8.0/go.mod h1:5nI87KwE7wgsBU1F4GKAw2Qod7p5kyS383rP6+o6qqo=
github.com/decred/dcrd/dcrec/secp256k1/v4 v4.1.0 h1:HbphB4TFFXpv7MNrT52FGrrgVXF1owhMVTHFZIlnvd4=
github.com/decred/dcrd/dcrec/secp256k1/v4 v4.1.0/go.mod h1:DZGJHZMqrU4JJqFAWUS2UO1+lbSKsdiOoYi9Zzey7Fc=
github.com/ethereum/go-ethereum v1.10.26 h1:i/7d9RBBwiXCEuyduBQzJw/mKmnvzsN14jqBmytw72s=
github.com/ethereum/go-ethereum v1.10.26/go.mod h1:EYFyF19u3ezGLD4RqOkLq+ZCXzYbLoNDdZlMt7kyKFg=
github.com/fsnotify/fsnotify v1.4.7/go.mod h1:jwhsz4b93w/PPRr/qN1Yymfu8t87LnFCMoQvtojpjFo=
github.com/go-ole/go-ole v1.2.6 h1:/Fpf6oFPoeFik9ty7siob0G6Ke8QvQEuVcuChpwXzpY=
github.com/go-ole/go-ole v1.2.6/go.mod h1:pprOEPIfldk/42T2oK7lQ4v4JSDwmV0As9GaiUsvbm0=
github.com/go-stack/stack v1.8.1 h1:ntEHSVwIt7PNXNpgPmVfMrNhLtgjlmnZha2kOpuRiDw=
github.com/go-stack/stack v1.8.1/go.mod h1:dcoOX6HbPZSZptuspn9bctJ+N/CnF5gGygcUP3XYfe4=
github.com/gogo/protobuf v1.3.1/go.mod h1:SlYgWuQ5SjCEi6WLHjHCa1yvBfUnHcTbrrZtXPKa29o=
github.com/golang/glog v0.0.0-20160126235308-23def4e6c14b/go.mod h1:SBH7ygxi8pfUlaOkMMuAQtPIUF8ecWP5IEl/CR7VP2Q=
github.com/golang/groupcache v0.0.0-20190702054246-869f871628b6/go.mod h1:cIg4eruTrX1D+g88fzRXU5OdNfaM+9IcxsU14FzY7Hc=
github.com/golang/mock v1.1.1/go.mod h1:oTYuIxOrZwtPieC+H1uAHpcLFnEyAGVDL/k47Jfbm0A=
github.com/golang/protobuf v1.2.0/go.mod h1:6lQm79b+lXiMfvg/cZm0SGofjICqVBUtrP5yJMmIC1U=
github.com/golang/protobuf v1.3.1/go.mod h1:6lQm79b+lXiMfvg/cZm0SGofjICqVBUtrP5yJMmIC1U=
github.com/golang/protobuf v1.5.0/go.mod h1:FsONVRAS9T7sI+LIUmWTfcYkHO4aIWwzhcaSAoJOfIk=
github.com/google/go-cmp v0.3.0/go.mod h1:8QqcDgzrUqlUb/G2PQTWiueGozuR1884gddMywk6iLU=
github.com/google/go-cmp v0.5.5/go.mod h1:v8dTdLbMG2kIc/vJvl+f65V22dbkXbowE6jgT/gNBxE=
github.com/google/uuid v1.3.0 h1:t6JiXgmwXMjEs8VusXIJk2BXHsn+wx8BZdTaoZ5fu7I=
github.com/google/uuid v1.3.0/go.mod h1:TIyPZe4MgqvfeYDBFedMoGGpEw/LqOeaOT+nhxU+yHo=
github.com/gorilla/websocket v1.5.0 h1:PPwGk2jz7EePpoHN/+ClbZu8SPxiqlu12wZP/3sWmnc=
github.com/gorilla/websocket v1.5.0/go.mod h1:YR8l580nyteQvAITg2hZ9XVh4b55+EU/adAjf1fMHhE=
github.com/hpcloud/tail v1.0.0/go.mod h1:ab1qPbhIpdTxEkNHXyeSf5vhxWSCs/tWer42PpOxQnU=
github.com/iden3/go-circuits v1.0.2 h1:6hxPbaxS1YaSZh36K5I8Nb1WAnUdYC9VK5Hqgyhh1EY=
github.com/iden3/go-circuits v1.0.2/go.mod h1:FPomaHjcVj4H4Czs2PKRoJphWcCc68dh8PDKhNDFZ+U=
github.com/iden3/go-iden3-auth v1.0.0 h1:tIg+YTZJSQxt8ojGnac9nwfJK2ibnMI19q1FE6YnqlE=
github.com/iden3/go-iden3-auth v1.0.0/go.mod h1:No2BJyzYCuKG/AvHMJaP9ibSSB5fWnH7fLUxUeagnxc=
github.com/iden3/go-iden3-core v1.0.0 h1:GNwuYOHZD7hiWjmW+wv26RW9f/JwF4lRQu7/55f2YB8=
github.com/iden3/go-iden3-core v1.0.0/go.mod h1:wJtcMK/bSazyW/JrQaRrbpUMgSMg79Pke3xgtfPxDnQ=
github.com/iden3/go-iden3-crypto v0.0.13 h1:ixWRiaqDULNyIDdOWz2QQJG5t4PpNHkQk2P6GV94cok=
github.com/iden3/go-iden3-crypto v0.0.13/go.mod h1:swXIv0HFbJKobbQBtsB50G7IHr6PbTowutSew/iBEoo=
github.com/iden3/go-jwz v1.0.0-beta.0 h1:Mi4Swt29RLiEUm1ZQbqsQxw757mqiJA6IzeRc/BMF08=
github.com/iden3/go-jwz v1.0.0-beta.0/go.mod h1:PFnEY9ZUOSx9WrR33/QVtq2H37qeFILjZN6uVdDk4iE=
github.com/iden3/go-merkletree-sql/v2 v2.0.0 h1:7tMgHCUJCo0jxyM15fjCc7G9Dy0x2rmX+lwa8tqEfho=
github.com/iden3/go-merkletree-sql/v2 v2.0.0/go.mod h1:hQbfImlyOJiI+c8FFuFiEMrjpZN0PylRb0aT8uAa+Sg=
github.com/iden3/go-rapidsnark/prover v0.0.9 h1:Bifg6VtrvrXiYsfv8ULBQweeT75sw3FjV4bbU3vmNQ0=
github.com/iden3/go-rapidsnark/prover v0.0.9/go.mod h1:wgDsmKOGCuWGtgVtuW9ARWNguNr4NJAIyg2G7+uTax0=
github.com/iden3/go-rapidsnark/types v0.0.2 h1:CjJSrlbWchHzuMRdxSYrEh7n/akP+Z2PLNbwT5yBmQY=
github.com/iden3/go-rapidsnark/types v0.0.2/go.mod h1:ApgcaUxKIgSRA6fAeFxK7p+lgXXfG4oA2HN5DhFlfF4=
github.com/iden3/go-rapidsnark/verifier v0.0.4-0.20221129112904-b9f8680ca8e2 h1:0r3AgEXAm6WSBfPjNV5IU6p58xOrRVSkWniHjwZPAGM=
github.com/iden3/go-rapidsnark/verifier v0.0.4-0.20221129112904-b9f8680ca8e2/go.mod h1:A3R3qr+8QiQtFBghrx94VJrOIr+9mdgrrbmFzJyS9Sg=
github.com/iden3/go-rapidsnark/witness v0.0.4-0.20221129112904-b9f8680ca8e2 h1:fOgHvwd8K0ifG7Epz9ucU9xv2CX+gk5oIH5QJ/hThXs=
github.com/iden3/go-rapidsnark/witness v0.0.4-0.20221129112904-b9f8680ca8e2/go.mod h1:ZRd4PX8vJX/2aJ/1XRvtwMon5F7phDRX6C7v/BYBrwE=
github.com/iden3/go-schema-processor v1.0.0 h1:7Ut+alv+GIDbeYVBhzDlnhao8q8y/yuBoV/BMNlyB8A=
github.com/iden3/go-schema-processor v1.0.0/go.mod h1:+kc0IFGKaO6dYy5ICVfGBN5FyU7HqrJlwDYkcnAjFG4=
github.com/iden3/iden3comm v1.0.0-beta.0 h1:4DQfVOYWBrbeJ/G5Mr3JDJt6hYGVmPS63Kp3/TICmd0=
github.com/iden3/iden3comm v1.0.0-beta.0/go.mod h1:jhj1N7+6uaRVHnIjyKqSLO6oCXS6rPvNVUMlq8ydk64=
github.com/ipfs/go-cid v0.0.7/go.mod h1:6Ux9z5e+HpkQdckYoX1PG/6xqKspzlEIR5SDmgqgC/I=
github.com/ipfs/go-cid v0.3.2 h1:OGgOd+JCFM+y1DjWPmVH+2/4POtpDzwcr7VgnB7mZXc=
github.com/ipfs/go-cid v0.3.2/go.mod h1:gQ8pKqT/sUxGY+tIwy1RPpAojYu7jAyCp5Tz1svoupw=
github.com/ipfs/go-ipfs-api v0.3.0 h1:ZzVrsTV31Z53ZlUare6a5UJ46lC7lW93q/s1/fXyATk=
github.com/ipfs/go-ipfs-api v0.3.0/go.mod h1:A1naQGm0Jg01GxDq7oDyVSZxt20SuRTNIBFNZJgPDmg=
github.com/ipfs/go-ipfs-files v0.0.9/go.mod h1:aFv2uQ/qxWpL/6lidWvnSQmaVqCrf0TBGoUr+C1Fo84=
github.com/ipfs/go-ipfs-files v0.3.0 h1:fallckyc5PYjuMEitPNrjRfpwl7YFt69heCOUhsbGxQ=
github.com/ipfs/go-ipfs-files v0.3.0/go.mod h1:xAUtYMwB+iu/dtf6+muHNSFQCJG2dSiStR2P6sn9tIM=
github.com/ipfs/go-ipfs-util v0.0.2/go.mod h1:CbPtkWJzjLdEcezDns2XYaehFVNXG9zrdrtMecczcsQ=
github.com/ipfs/go-libipfs v0.5.0 h1:gtvzeoTdUHPUN4B5izzyBS3Cxtpvi+l7hd2mmjN+teM=
github.com/ipfs/go-libipfs v0.5.0/go.mod h1:iZ9QyhzNr3AkxRXrbQYb//rv7iLyvZJX0GNuc3lJDiQ=
github.com/jbenet/go-cienv v0.1.0/go.mod h1:TqNnHUmJgXau0nCzC7kXWeotg3J9W34CUv5Djy1+FlA=
github.com/jbenet/goprocess v0.1.4/go.mod h1:5yspPrukOVuOLORacaBi858NqyClJPQxYZlqdZVfqY4=
github.com/jessevdk/go-flags v0.0.0-20141203071132-1679536dcc89/go.mod h1:4FA24M0QyGHXBuZZK/XkWh8h0e1EYbRYJSGM75WSRxI=
github.com/jrick/logrotate v1.0.0/go.mod h1:LNinyqDIJnpAur+b8yyulnQw/wDuN1+BYKlTRt3OuAQ=
github.com/kisielk/errcheck v1.2.0/go.mod h1:/BMXB+zMLi60iA8Vv6Ksmxu/1UDYcXs4uQLJ+jE2L00=
github.com/kisielk/gotool v1.0.0/go.mod h1:XhKaO+MFFWcvkIS/tQcRk01m1F5IRFswLeQ+oQHNcck=
github.com/kkdai/bstream v0.0.0-20161212061736-f391b8402d23/go.mod h1:J+Gs4SYgM6CZQHDETBtE9HaSEkGmuNXF86RwHhHUvq4=
github.com/klauspost/cpuid/v2 v2.0.4/go.mod h1:FInQzS24/EEf25PyTYn52gqo7WaD8xa0213Md/qVLRg=
github.com/klauspost/cpuid/v2 v2.0.9/go.mod h1:FInQzS24/EEf25PyTYn52gqo7WaD8xa0213Md/qVLRg=
github.com/klauspost/cpuid/v2 v2.2.3 h1:sxCkb+qR91z4vsqw4vGGZlDgPz3G7gjaLyK3V8y70BU=
github.com/klauspost/cpuid/v2 v2.2.3/go.mod h1:RVVoqg1df56z8g3pUjL/3lE5UfnlrJX8tyFgg4nqhuY=
github.com/leanovate/gopter v0.2.9/go.mod h1:U2L/78B+KVFIx2VmW6onHJQzXtFb+p5y3y2Sh+Jxxv8=
github.com/libp2p/go-buffer-pool v0.0.2/go.mod h1:MvaB6xw5vOrDl8rYZGLFdKAuk/hRoRZd1Vi32+RXyFM=
github.com/libp2p/go-buffer-pool v0.1.0 h1:oK4mSFcQz7cTQIfqbe4MIj9gLW+mnanjyFtc6cdF0Y8=
github.com/libp2p/go-buffer-pool v0.1.0/go.mod h1:N+vh8gMqimBzdKkSMVuydVDq+UV5QTWy5HSiZacSbPg=
github.com/libp2p/go-flow-metrics v0.0.3/go.mod h1:HeoSNUrOJVK1jEpDqVEiUOIXqhbnS27omG0uWU5slZs=
github.com/libp2p/go-flow-metrics v0.1.0 h1:0iPhMI8PskQwzh57jB9WxIuIOQ0r+15PChFGkx3Q3WM=
github.com/libp2p/go-flow-metrics v0.1.0/go.mod h1:4Xi8MX8wj5aWNDAZttg6UPmc0ZrnFNsMtpsYUClFtro=
github.com/libp2p/go-libp2p v0.25.1 h1:YK+YDCHpYyTvitKWVxa5PfElgIpOONU01X5UcLEwJGA=
github.com/libp2p/go-libp2p v0.25.1/go.mod h1:xnK9/1d9+jeQCVvi/f1g12KqtVi/jP/SijtKV1hML3g=
github.com/libp2p/go-libp2p-core v0.6.1/go.mod h1:FfewUH/YpvWbEB+ZY9AQRQ4TAD8sJBt/G1rVvhz5XT8=
github.com/libp2p/go-libp2p-core v0.20.1 h1:fQz4BJyIFmSZAiTbKV8qoYhEH5Dtv/cVhZbG3Ib/+Cw=
github.com/libp2p/go-libp2p-core v0.20.1/go.mod h1:6zR8H7CvQWgYLsbG4on6oLNSGcyKaYFSEYyDt51+bIY=
github.com/libp2p/go-msgio v0.0.6/go.mod h1:4ecVB6d9f4BDSL5fqvPiC4A3KivjWn+Venn/1ALLMWA=
github.com/libp2p/go-openssl v0.0.7/go.mod h1:unDrJpgy3oFr+rqXsarWifmJuNnJR4chtO1HmaZjggc=
github.com/minio/blake2b-simd v0.0.0-20160723061019-3f5f724cb5b1/go.mod h1:pD8RvIylQ358TN4wwqatJ8rNavkEINozVn9DtGI3dfQ=
github.com/minio/sha256-simd v0.1.1-0.20190913151208-6de447530771/go.mod h1:B5e1o+1/KgNmWrSQK08Y6Z1Vb5pwIktudl0J58iy0KM=
github.com/minio/sha256-simd v0.1.1/go.mod h1:B5e1o+1/KgNmWrSQK08Y6Z1Vb5pwIktudl0J58iy0KM=
github.com/minio/sha256-simd v1.0.0 h1:v1ta+49hkWZyvaKwrQB8elexRqm6Y0aMLjCNsrYxo6g=
github.com/minio/sha256-simd v1.0.0/go.mod h1:OuYzVNI5vcoYIAmbIvHPl3N3jUzVedXbKy5RFepssQM=
github.com/mitchellh/go-homedir v1.1.0 h1:lukF9ziXFxDFPkA1vsr5zpc1XuPDn/wFntq5mG+4E0Y=
github.com/mitchellh/go-homedir v1.1.0/go.mod h1:SfyaCUpYCn1Vlf4IUYiD9fPX4A5wJrkLzIz1N1q0pr0=
github.com/mr-tron/base58 v1.1.0/go.mod h1:xcD2VGqlgYjBdcBLw+TuYLr8afG+Hj8g2eTVqeSzSU8=
github.com/mr-tron/base58 v1.1.3/go.mod h1:BinMc/sQntlIE1frQmRFPUoPA1Zkr8VRgBdjWI2mNwc=
github.com/mr-tron/base58 v1.2.0 h1:T/HDJBh4ZCPbU39/+c3rRvE0uKBQlU27+QI8LJ4t64o=
github.com/mr-tron/base58 v1.2.0/go.mod h1:BinMc/sQntlIE1frQmRFPUoPA1Zkr8VRgBdjWI2mNwc=
github.com/multiformats/go-base32 v0.0.3/go.mod h1:pLiuGC8y0QR3Ue4Zug5UzK9LjgbkL8NSQj0zQ5Nz/AA=
github.com/multiformats/go-base32 v0.1.0 h1:pVx9xoSPqEIQG8o+UbAe7DNi51oej1NtK+aGkbLYxPE=
github.com/multiformats/go-base32 v0.1.0/go.mod h1:Kj3tFY6zNr+ABYMqeUNeGvkIC/UYgtWibDcT0rExnbI=
github.com/multiformats/go-base36 v0.1.0/go.mod h1:kFGE83c6s80PklsHO9sRn2NCoffoRdUUOENyW/Vv6sM=
github.com/multiformats/go-base36 v0.2.0 h1:lFsAbNOGeKtuKozrtBsAkSVhv1p9D0/qedU9rQyccr0=
github.com/multiformats/go-base36 v0.2.0/go.mod h1:qvnKE++v+2MWCfePClUEjE78Z7P2a1UV0xHgWc0hkp4=
github.com/multiformats/go-multiaddr v0.2.2/go.mod h1:NtfXiOtHvghW9KojvtySjH5y0u0xW5UouOmQQrn6a3Y=
github.com/multiformats/go-multiaddr v0.3.0/go.mod h1:dF9kph9wfJ+3VLAaeBqo9Of8x4fJxp6ggJGteB8HQTI=
github.com/multiformats/go-multiaddr v0.8.0 h1:aqjksEcqK+iD/Foe1RRFsGZh8+XFiGo7FgUCZlpv3LU=
github.com/multiformats/go-multiaddr v0.8.0/go.mod h1:Fs50eBDWvZu+l3/9S6xAE7ZYj6yhxlvaVZjakWN7xRs=
github.com/multiformats/go-multibase v0.0.3/go.mod h1:5+1R4eQrT3PkYZ24C3W2Ue2tPwIdYQD509ZjSb5y9Oc=
github.com/multiformats/go-multibase v0.1.1 h1:3ASCDsuLX8+j4kx58qnJ4YFq/JWTJpCyDW27ztsVTOI=
github.com/multiformats/go-multibase v0.1.1/go.mod h1:ZEjHE+IsUrgp5mhlEAYjMtZwK1k4haNkcaPg9aoe1a8=
github.com/multiformats/go-multicodec v0.8.0 h1:evBmgkbSQux+Ds2IgfhkO38Dl2GDtRW8/Rp6YiSHX/Q=
github.com/multiformats/go-multicodec v0.8.0/go.mod h1:GUC8upxSBE4oG+q3kWZRw/+6yC1BqO550bjhWsJbZlw=
github.com/multiformats/go-multihash v0.0.13/go.mod h1:VdAWLKTwram9oKAatUcLxBNUjdtcVwxObEQBtRfuyjc=
github.com/multiformats/go-multihash v0.0.14/go.mod h1:VdAWLKTwram9oKAatUcLxBNUjdtcVwxObEQBtRfuyjc=
github.com/multiformats/go-multihash v0.2.1 h1:aem8ZT0VA2nCHHk7bPJ1BjUbHNciqZC/d16Vve9l108=
github.com/multiformats/go-multihash v0.2.1/go.mod h1:WxoMcYG85AZVQUyRyo9s4wULvW5qrI9vb2Lt6evduFc=
github.com/multiformats/go-multistream v0.4.1 h1:rFy0Iiyn3YT0asivDUIR05leAdwZq3de4741sbiSdfo=
github.com/multiformats/go-multistream v0.4.1/go.mod h1:Mz5eykRVAjJWckE2U78c6xqdtyNUEhKSM0Lwar2p77Q=
github.com/multiformats/go-varint v0.0.5/go.mod h1:3Ls8CIEsrijN6+B7PbrXRPxHRPuXSrVKRY101jdMZYE=
github.com/multiformats/go-varint v0.0.6/go.mod h1:3Ls8CIEsrijN6+B7PbrXRPxHRPuXSrVKRY101jdMZYE=
github.com/multiformats/go-varint v0.0.7 h1:sWSGR+f/eu5ABZA2ZpYKBILXTTs9JWpdEM/nEGOHFS8=
github.com/multiformats/go-varint v0.0.7/go.mod h1:r8PUYw/fD/SjBCiKOoDlGF6QawOELpZAu9eioSos/OU=
github.com/onsi/ginkgo v1.6.0/go.mod h1:lLunBs/Ym6LB5Z9jYTR76FiuTmxDTDusOGeTQH+WWjE=
github.com/onsi/ginkgo v1.7.0/go.mod h1:lLunBs/Ym6LB5Z9jYTR76FiuTmxDTDusOGeTQH+WWjE=
github.com/onsi/gomega v1.4.3/go.mod h1:ex+gbHU/CVuBBDIJjb2X0qEXbFg53c61hWP/1CpauHY=
github.com/piprate/json-gold v0.5.0 h1:RmGh1PYboCFcchVFuh2pbSWAZy4XJaqTMU4KQYsApbM=
github.com/piprate/json-gold v0.5.0/go.mod h1:WZ501QQMbZZ+3pXFPhQKzNwS1+jls0oqov3uQ2WasLs=
github.com/pkg/errors v0.9.1 h1:FEBLx1zS214owpjy7qsBeixbURkuhQAwrK5UwLGTwt4=
github.com/pkg/errors v0.9.1/go.mod h1:bwawxfHBFNV+L2hUp1rHADufV3IMtnDRdf1r5NINEl0=
github.com/pmezard/go-difflib v1.0.0/go.mod h1:iKH77koFhYxTK1pcRnkKkqfTogsbg7gZNVY4sRDYZ/4=
github.com/pquerna/cachecontrol v0.1.0 h1:yJMy84ti9h/+OEWa752kBTKv4XC30OtVVHYv/8cTqKc=
github.com/pquerna/cachecontrol v0.1.0/go.mod h1:NrUG3Z7Rdu85UNR3vm7SOsl1nFIeSiQnrHV5K9mBcUI=
github.com/qri-io/jsonpointer v0.1.1 h1:prVZBZLL6TW5vsSB9fFHFAMBLI4b0ri5vribQlTJiBA=
github.com/qri-io/jsonpointer v0.1.1/go.mod h1:DnJPaYgiKu56EuDp8TU5wFLdZIcAnb/uH9v37ZaMV64=
github.com/qri-io/jsonschema v0.2.1 h1:NNFoKms+kut6ABPf6xiKNM5214jzxAhDBrPHCJ97Wg0=
github.com/qri-io/jsonschema v0.2.1/go.mod h1:g7DPkiOsK1xv6T/Ao5scXRkd+yTFygcANPBaaqW+VrI=
github.com/rjeczalik/notify v0.9.3 h1:6rJAzHTGKXGj76sbRgDiDcYj/HniypXmSJo1SWakZeY=
github.com/rjeczalik/notify v0.9.3/go.mod h1:gF3zSOrafR9DQEWSE8TjfI9NkooDxbyT4UgRGKZA0lc=
github.com/sergi/go-diff v1.0.0/go.mod h1:0CfEIISq7TuYL3j771MWULgwwjU+GofnZX9QAmXWZgo=
github.com/shirou/gopsutil v3.21.11+incompatible h1:+1+c1VGhc88SSonWP6foOcLhvnKlUeu/erjjvaPEYiI=
github.com/shirou/gopsutil v3.21.11+incompatible/go.mod h1:5b4v6he4MtMOwMlS0TUMTu2PcXUg8+E1lC7eC3UO/RA=
github.com/spacemonkeygo/spacelog v0.0.0-20180420211403-2296661a0572/go.mod h1:w0SWMsp6j9O/dk4/ZpIhL+3CkG8ofA2vuv7k+ltqUMc=
github.com/spaolacci/murmur3 v1.1.0 h1:7c1g84S4BPRrfL5Xrdp6fOJ206sU9y293DDHaoy0bLI=
github.com/spaolacci/murmur3 v1.1.0/go.mod h1:JwIasOWyU6f++ZhiEuf87xNszmSA2myDM2Kzu9HwQUA=
github.com/stretchr/objx v0.1.0/go.mod h1:HFkY916IF+rwdDfMAkV7OtwuqBVzrE8GR6GFx+wExME=
github.com/stretchr/testify v1.3.0/go.mod h1:M5WIy9Dh21IEIfnGCwXGc5bZfKNJtfHm1UVUgZn+9EI=
github.com/stretchr/testify v1.4.0/go.mod h1:j7eGeouHqKxXV5pUuKE4zz7dFj8WfuZ+81PSLYec5m4=
github.com/stretchr/testify v1.6.1/go.mod h1:6Fq8oRcR53rry900zMqJjRRixrwX3KX962/h/Wwjteg=
github.com/stretchr/testify v1.7.0/go.mod h1:6Fq8oRcR53rry900zMqJjRRixrwX3KX962/h/Wwjteg=
github.com/tklauser/go-sysconf v0.3.11 h1:89WgdJhk5SNwJfu+GKyYveZ4IaJ7xAkecBo+KdJV0CM=
github.com/tklauser/go-sysconf v0.3.11/go.mod h1:GqXfhXY3kiPa0nAXPDIQIWzJbMCB7AmcWpGR8lSZfqI=
github.com/tklauser/numcpus v0.6.0 h1:kebhY2Qt+3U6RNK7UqpYNA+tJ23IBEGKkB7JQBfDYms=
github.com/tklauser/numcpus v0.6.0/go.mod h1:FEZLMke0lhOUG6w2JadTzp0a+Nl8PF/GFkQ5UVIcaL4=
github.com/wasmerio/wasmer-go v1.0.4 h1:MnqHoOGfiQ8MMq2RF6wyCeebKOe84G88h5yv+vmxJgs=
github.com/wasmerio/wasmer-go v1.0.4/go.mod h1:0gzVdSfg6pysA6QVp6iVRPTagC6Wq9pOE8J86WKb2Fk=
github.com/whyrusleeping/tar-utils v0.0.0-20180509141711-8c6c8ba81d5c/go.mod h1:xxcJeBb7SIUl/Wzkz1eVKJE/CB34YNrqX2TQI6jY9zs=
github.com/whyrusleeping/tar-utils v0.0.0-20201201191210-20a61371de5b h1:wA3QeTsaAXybLL2kb2cKhCAQTHgYTMwuI8lBlJSv5V8=
github.com/whyrusleeping/tar-utils v0.0.0-20201201191210-20a61371de5b/go.mod h1:xT1Y5p2JR2PfSZihE0s4mjdJaRGp1waCTf5JzhQLBck=
github.com/yusufpapurcu/wmi v1.2.2 h1:KBNDSne4vP5mbSWnJbO+51IMOXJB67QiYCSBrubbPRg=
github.com/yusufpapurcu/wmi v1.2.2/go.mod h1:SBZ9tNy3G9/m5Oi98Zks0QjeHVDvuK0qfxQmPyzfmi0=
go.opencensus.io v0.22.4/go.mod h1:yxeiOL68Rb0Xd1ddK5vPZ/oVn4vY4Ynel7k9FzqtOIw=
golang.org/x/crypto v0.0.0-20170930174604-9419663f5a44/go.mod h1:6SG95UA2DQfeDnfUPMdvaQW0Q7yPrPDi9nlGo2tz2b4=
golang.org/x/crypto v0.0.0-20190308221718-c2843e01d9a2/go.mod h1:djNgcEr1/C05ACkg1iLfiJU5Ep61QUkGW8qpdssI0+w=
golang.org/x/crypto v0.0.0-20190611184440-5c40567a22f8/go.mod h1:yigFU9vqHzYiE8UmvKecakEJjdnWj3jj499lnFckfCI=
golang.org/x/crypto v0.0.0-20211117183948-ae814b36b871/go.mod h1:IxCIyHEi3zRg3s0A5j5BB6A9Jmi73HwBIUl50j+osU4=
golang.org/x/crypto v0.6.0 h1:qfktjS5LUO+fFKeJXZ+ikTRijMmljikvG68fpMMruSc=
golang.org/x/crypto v0.6.0/go.mod h1:OFC/31mSvZgRz0V1QTNCzfAI1aIRzbiufJtkMIlEp58=
golang.org/x/exp v0.0.0-20190121172915-509febef88a4/go.mod h1:CJ0aWSM057203Lf6IL+f9T1iT9GByDxfZKAQTCR3kQA=
golang.org/x/lint v0.0.0-20181026193005-c67002cb31c3/go.mod h1:UVdnD1Gm6xHRNCYTkRU2/jEulfH38KcIWyp/GAMgvoE=
golang.org/x/lint v0.0.0-20190227174305-5b3e6a55c961/go.mod h1:wehouNa3lNwaWXcvxsM5YxQ5yQlVC4a0KAMCusXpPoU=
golang.org/x/lint v0.0.0-20190313153728-d0100b6bd8b3/go.mod h1:6SW0HCj/g11FgYtHlgUYUwCkIfeOF89ocIRzGO/8vkc=
golang.org/x/net v0.0.0-20180724234803-3673e40ba225/go.mod h1:mL1N/T3taQHkDXs73rZJwtUhF3w3ftmwwsq0BUmARs4=
golang.org/x/net v0.0.0-20180826012351-8a410e7b638d/go.mod h1:mL1N/T3taQHkDXs73rZJwtUhF3w3ftmwwsq0BUmARs4=
golang.org/x/net v0.0.0-20180906233101-161cd47e91fd/go.mod h1:mL1N/T3taQHkDXs73rZJwtUhF3w3ftmwwsq0BUmARs4=
golang.org/x/net v0.0.0-20190213061140-3a22650c66bd/go.mod h1:mL1N/T3taQHkDXs73rZJwtUhF3w3ftmwwsq0BUmARs4=
golang.org/x/net v0.0.0-20190311183353-d8887717615a/go.mod h1:t9HGtf8HONx5eT2rtn7q6eTqICYqUVnKs3thJo3Qplg=
golang.org/x/net v0.0.0-20190404232315-eb5bcb51f2a3/go.mod h1:t9HGtf8HONx5eT2rtn7q6eTqICYqUVnKs3thJo3Qplg=
golang.org/x/net v0.0.0-20190620200207-3b0461eec859/go.mod h1:z5CRVTTTmAJ677TzLLGU+0bjPO0LkuOLi4/5GtJWs/s=
golang.org/x/net v0.0.0-20211112202133-69e39bad7dc2/go.mod h1:9nx3DQGgdP8bBQD5qxJ1jj9UTztislL4KSBs9R2vV5Y=
golang.org/x/oauth2 v0.0.0-20180821212333-d2e6202438be/go.mod h1:N/0e6XlmueqKjAGxoOufVs8QHGRruUQn6yWY3a++T0U=
golang.org/x/sync v0.0.0-20180314180146-1d60e4601c6f/go.mod h1:RxMgew5VJxzue5/jJTE5uejpjVlOe/izrB70Jof72aM=
golang.org/x/sync v0.0.0-20181108010431-42b317875d0f/go.mod h1:RxMgew5VJxzue5/jJTE5uejpjVlOe/izrB70Jof72aM=
golang.org/x/sync v0.0.0-20190227155943-e225da77a7e6/go.mod h1:RxMgew5VJxzue5/jJTE5uejpjVlOe/izrB70Jof72aM=
golang.org/x/sys v0.0.0-20180830151530-49385e6e1522/go.mod h1:STP8DvDyc/dI5b8T5hshtkjS+E42TnysNCUPdjciGhY=
golang.org/x/sys v0.0.0-20180909124046-d0be0721c37e/go.mod h1:STP8DvDyc/dI5b8T5hshtkjS+E42TnysNCUPdjciGhY=
golang.org/x/sys v0.0.0-20180926160741-c2ed4eda69e7/go.mod h1:STP8DvDyc/dI5b8T5hshtkjS+E42TnysNCUPdjciGhY=
golang.org/x/sys v0.0.0-20190215142949-d0b11bdaac8a/go.mod h1:STP8DvDyc/dI5b8T5hshtkjS+E42TnysNCUPdjciGhY=
golang.org/x/sys v0.0.0-20190302025703-b6889370fb10/go.mod h1:STP8DvDyc/dI5b8T5hshtkjS+E42TnysNCUPdjciGhY=
golang.org/x/sys v0.0.0-20190412213103-97732733099d/go.mod h1:h1NjWce9XRLGQEsW7wpKNCjG9DtNlClVuFLEZdDNbEs=
golang.org/x/sys v0.0.0-20190502145724-3ef323f4f1fd/go.mod h1:h1NjWce9XRLGQEsW7wpKNCjG9DtNlClVuFLEZdDNbEs=
golang.org/x/sys v0.0.0-20190626221950-04f50cda93cb/go.mod h1:h1NjWce9XRLGQEsW7wpKNCjG9DtNlClVuFLEZdDNbEs=
golang.org/x/sys v0.0.0-20190916202348-b4ddaad3f8a3/go.mod h1:h1NjWce9XRLGQEsW7wpKNCjG9DtNlClVuFLEZdDNbEs=
golang.org/x/sys v0.0.0-20201119102817-f84b799fce68/go.mod h1:h1NjWce9XRLGQEsW7wpKNCjG9DtNlClVuFLEZdDNbEs=
golang.org/x/sys v0.0.0-20210423082822-04245dca01da/go.mod h1:h1NjWce9XRLGQEsW7wpKNCjG9DtNlClVuFLEZdDNbEs=
golang.org/x/sys v0.0.0-20210615035016-665e8c7367d1/go.mod h1:oPkhp1MJrh7nUepCBck5+mAzfO9JrbApNNgaTdGDITg=
golang.org/x/sys v0.0.0-20211216021012-1d35b9e2eb4e/go.mod h1:oPkhp1MJrh7nUepCBck5+mAzfO9JrbApNNgaTdGDITg=
golang.org/x/sys v0.0.0-20220704084225-05e143d24a9e/go.mod h1:oPkhp1MJrh7nUepCBck5+mAzfO9JrbApNNgaTdGDITg=
golang.org/x/sys v0.2.0/go.mod h1:oPkhp1MJrh7nUepCBck5+mAzfO9JrbApNNgaTdGDITg=
golang.org/x/sys v0.5.0 h1:MUK/U/4lj1t1oPg0HfuXDN/Z1wv31ZJ/YcPiGccS4DU=
golang.org/x/sys v0.5.0/go.mod h1:oPkhp1MJrh7nUepCBck5+mAzfO9JrbApNNgaTdGDITg=
golang.org/x/term v0.0.0-20201126162022-7de9c90e9dd1/go.mod h1:bj7SfCRtBDWHUb9snDiAeCFNEtKQo2Wmx5Cou7ajbmo=
golang.org/x/text v0.3.0/go.mod h1:NqM8EUOU14njkJ3fqMW+pc6Ldnwhi/IjpwHt7yyuwOQ=
golang.org/x/text v0.3.2/go.mod h1:bEr9sfX3Q8Zfm5fL9x+3itogRgK3+ptLWKqgva+5dAk=
golang.org/x/text v0.3.6/go.mod h1:5Zoc/QRtKVWzQhOtBMvqHzDpF6irO9z98xDceosuGiQ=
golang.org/x/tools v0.0.0-20180917221912-90fa682c2a6e/go.mod h1:n7NCudcB/nEzxVGmLbDWY5pfWTLqBcC2KZ6jyYvM4mQ=
golang.org/x/tools v0.0.0-20181030221726-6c7e314b6563/go.mod h1:n7NCudcB/nEzxVGmLbDWY5pfWTLqBcC2KZ6jyYvM4mQ=
golang.org/x/tools v0.0.0-20190114222345-bf090417da8b/go.mod h1:n7NCudcB/nEzxVGmLbDWY5pfWTLqBcC2KZ6jyYvM4mQ=
golang.org/x/tools v0.0.0-20190226205152-f727befe758c/go.mod h1:9Yl7xja0Znq3iFh3HoIrodX9oNMXvdceNzlUR8zjMvY=
golang.org/x/tools v0.0.0-20190311212946-11955173bddd/go.mod h1:LCzVGOaR6xXOjkQ3onu1FJEFr0SW1gC7cKk1uF8kGRs=
golang.org/x/xerrors v0.0.0-20191204190536-9bdfabe68543/go.mod h1:I/5z698sn9Ka8TeJc9MKroUUfqBBauWjQqLJ2OPfmY0=
google.golang.org/appengine v1.1.0/go.mod h1:EbEs0AVv82hx2wNQdGPgUI5lhzA/G0D9YwlJXL52JkM=
google.golang.org/appengine v1.4.0/go.mod h1:xpcJRLb0r/rnEns0DIKYYv+WjYCduHsrkT7/EB5XEv4=
google.golang.org/genproto v0.0.0-20180817151627-c66870c02cf8/go.mod h1:JiN7NxoALGmiZfu7CAH4rXhgtRTLTxftemlI0sWmxmc=
google.golang.org/genproto v0.0.0-20190425155659-357c62f0e4bb/go.mod h1:VzzqZJRnGkLBvHegQrXjBqPurQTc5/KpmUdxsrq26oE=
google.golang.org/grpc v1.19.0/go.mod h1:mqu4LbDTu4XGKhr4mRzUsmM4RtVoemTSY81AxZiDr8c=
google.golang.org/grpc v1.20.1/go.mod h1:10oTOabMzJvdu6/UiuZezV6QK5dSlG84ov/aaiqXj38=
google.golang.org/protobuf v1.26.0-rc.1/go.mod h1:jlhhOSvTdKEhbULTjvd4ARK9grFBp09yW+WbY/TyQbw=
google.golang.org/protobuf v1.28.1 h1:d0NfwRgPtno5B1Wa6L2DAG+KivqkdutMf1UhdNx175w=
google.golang.org/protobuf v1.28.1/go.mod h1:HV8QOd/L58Z+nl8r43ehVNZIU/HEI6OcFqwMG9pJV4I=
gopkg.in/check.v1 v0.0.0-20161208181325-20d25e280405/go.mod h1:Co6ibVJAznAaIkqp8huTwlJQCZ016jof/cbN4VW5Yz0=
gopkg.in/fsnotify.v1 v1.4.7/go.mod h1:Tz8NjZHkW78fSQdbUxIjBTcgA1z1m8ZHf0WmKUhAMys=
gopkg.in/natefinch/npipe.v2 v2.0.0-20160621034901-c1b8fa8bdcce h1:+JknDZhAj8YMt7GC73Ei8pv4MzjDUNPHgQWJdtMAaDU=
gopkg.in/natefinch/npipe.v2 v2.0.0-20160621034901-c1b8fa8bdcce/go.mod h1:5AcXVHNjg+BDxry382+8OKon8SEWiKktQR07RKPsv1c=
gopkg.in/square/go-jose.v2 v2.6.0 h1:NGk74WTnPKBNUhNzQX7PYcTLUjoq7mzKk2OKbvwk2iI=
gopkg.in/square/go-jose.v2 v2.6.0/go.mod h1:M9dMgbHiYLoDGQrXy7OpJDJWiKiU//h+vD76mk0e1AI=
gopkg.in/tomb.v1 v1.0.0-20141024135613-dd632973f1e7/go.mod h1:dt/ZhP58zS4L8KSrWDmTeBkI65Dw0HsyUHuEVlX15mw=
gopkg.in/yaml.v2 v2.2.1/go.mod h1:hI93XBmqTisBFMUTm0b8Fm+jr3Dg1NNxqwp+5A1VGuI=
gopkg.in/yaml.v2 v2.2.2/go.mod h1:hI93XBmqTisBFMUTm0b8Fm+jr3Dg1NNxqwp+5A1VGuI=
gopkg.in/yaml.v3 v3.0.0-20200313102051-9f266ea9e77c/go.mod h1:K4uyk7z7BCEPqu6E+C64Yfv1cQ7kz7rIZviUmN+EgEM=
honnef.co/go/tools v0.0.0-20190102054323-c2f93a96b099/go.mod h1:rf3lG4BRIbNafJWhAfAdb/ePZxsR/4RtNHQocxwk9r4=
lukechampine.com/blake3 v1.1.7 h1:GgRMhmdsuK8+ii6UZFDL8Nb+VyMwadAgcJyfYHxG6n0=
lukechampine.com/blake3 v1.1.7/go.mod h1:tkKEOtDkNtklkXtLNEOGNq5tcV90tJiA1vAA12R78LA=
